# This file is generated by running "yarn install" inside your project.
# Manual changes might be lost - proceed with caution!

__metadata:
  version: 9
  cacheKey: 10c0

"@esbuild/aix-ppc64@npm:0.25.0":
  version: 0.25.0
  resolution: "@esbuild/aix-ppc64@npm:0.25.0"
  conditions: os=aix & cpu=ppc64
  languageName: node
  linkType: hard

"@esbuild/android-arm64@npm:0.25.0":
  version: 0.25.0
  resolution: "@esbuild/android-arm64@npm:0.25.0"
  conditions: os=android & cpu=arm64
  languageName: node
  linkType: hard

"@esbuild/android-arm@npm:0.25.0":
  version: 0.25.0
  resolution: "@esbuild/android-arm@npm:0.25.0"
  conditions: os=android & cpu=arm
  languageName: node
  linkType: hard

"@esbuild/android-x64@npm:0.25.0":
  version: 0.25.0
  resolution: "@esbuild/android-x64@npm:0.25.0"
  conditions: os=android & cpu=x64
  languageName: node
  linkType: hard

"@esbuild/darwin-arm64@npm:0.25.0":
  version: 0.25.0
  resolution: "@esbuild/darwin-arm64@npm:0.25.0"
  conditions: os=darwin & cpu=arm64
  languageName: node
  linkType: hard

"@esbuild/darwin-x64@npm:0.25.0":
  version: 0.25.0
  resolution: "@esbuild/darwin-x64@npm:0.25.0"
  conditions: os=darwin & cpu=x64
  languageName: node
  linkType: hard

"@esbuild/freebsd-arm64@npm:0.25.0":
  version: 0.25.0
  resolution: "@esbuild/freebsd-arm64@npm:0.25.0"
  conditions: os=freebsd & cpu=arm64
  languageName: node
  linkType: hard

"@esbuild/freebsd-x64@npm:0.25.0":
  version: 0.25.0
  resolution: "@esbuild/freebsd-x64@npm:0.25.0"
  conditions: os=freebsd & cpu=x64
  languageName: node
  linkType: hard

"@esbuild/linux-arm64@npm:0.25.0":
  version: 0.25.0
  resolution: "@esbuild/linux-arm64@npm:0.25.0"
  conditions: os=linux & cpu=arm64
  languageName: node
  linkType: hard

"@esbuild/linux-arm@npm:0.25.0":
  version: 0.25.0
  resolution: "@esbuild/linux-arm@npm:0.25.0"
  conditions: os=linux & cpu=arm
  languageName: node
  linkType: hard

"@esbuild/linux-ia32@npm:0.25.0":
  version: 0.25.0
  resolution: "@esbuild/linux-ia32@npm:0.25.0"
  conditions: os=linux & cpu=ia32
  languageName: node
  linkType: hard

"@esbuild/linux-loong64@npm:0.25.0":
  version: 0.25.0
  resolution: "@esbuild/linux-loong64@npm:0.25.0"
  conditions: os=linux & cpu=loong64
  languageName: node
  linkType: hard

"@esbuild/linux-mips64el@npm:0.25.0":
  version: 0.25.0
  resolution: "@esbuild/linux-mips64el@npm:0.25.0"
  conditions: os=linux & cpu=mips64el
  languageName: node
  linkType: hard

"@esbuild/linux-ppc64@npm:0.25.0":
  version: 0.25.0
  resolution: "@esbuild/linux-ppc64@npm:0.25.0"
  conditions: os=linux & cpu=ppc64
  languageName: node
  linkType: hard

"@esbuild/linux-riscv64@npm:0.25.0":
  version: 0.25.0
  resolution: "@esbuild/linux-riscv64@npm:0.25.0"
  conditions: os=linux & cpu=riscv64
  languageName: node
  linkType: hard

"@esbuild/linux-s390x@npm:0.25.0":
  version: 0.25.0
  resolution: "@esbuild/linux-s390x@npm:0.25.0"
  conditions: os=linux & cpu=s390x
  languageName: node
  linkType: hard

"@esbuild/linux-x64@npm:0.25.0":
  version: 0.25.0
  resolution: "@esbuild/linux-x64@npm:0.25.0"
  conditions: os=linux & cpu=x64
  languageName: node
  linkType: hard

"@esbuild/netbsd-arm64@npm:0.25.0":
  version: 0.25.0
  resolution: "@esbuild/netbsd-arm64@npm:0.25.0"
  conditions: os=netbsd & cpu=arm64
  languageName: node
  linkType: hard

"@esbuild/netbsd-x64@npm:0.25.0":
  version: 0.25.0
  resolution: "@esbuild/netbsd-x64@npm:0.25.0"
  conditions: os=netbsd & cpu=x64
  languageName: node
  linkType: hard

"@esbuild/openbsd-arm64@npm:0.25.0":
  version: 0.25.0
  resolution: "@esbuild/openbsd-arm64@npm:0.25.0"
  conditions: os=openbsd & cpu=arm64
  languageName: node
  linkType: hard

"@esbuild/openbsd-x64@npm:0.25.0":
  version: 0.25.0
  resolution: "@esbuild/openbsd-x64@npm:0.25.0"
  conditions: os=openbsd & cpu=x64
  languageName: node
  linkType: hard

"@esbuild/sunos-x64@npm:0.25.0":
  version: 0.25.0
  resolution: "@esbuild/sunos-x64@npm:0.25.0"
  conditions: os=sunos & cpu=x64
  languageName: node
  linkType: hard

"@esbuild/win32-arm64@npm:0.25.0":
  version: 0.25.0
  resolution: "@esbuild/win32-arm64@npm:0.25.0"
  conditions: os=win32 & cpu=arm64
  languageName: node
  linkType: hard

"@esbuild/win32-ia32@npm:0.25.0":
  version: 0.25.0
  resolution: "@esbuild/win32-ia32@npm:0.25.0"
  conditions: os=win32 & cpu=ia32
  languageName: node
  linkType: hard

"@esbuild/win32-x64@npm:0.25.0":
  version: 0.25.0
  resolution: "@esbuild/win32-x64@npm:0.25.0"
  conditions: os=win32 & cpu=x64
  languageName: node
  linkType: hard

"@hotwired/stimulus@npm:^3.0.1":
  version: 3.0.1
  resolution: "@hotwired/stimulus@npm:3.0.1"
  checksum: 10c0/eee923555a067ecbe8266e5459591f181d4d41aa7b5590292610f62405151ed5b0998c77facb42994af65cf983e3beef1d9c892c4e819ddbfb9e82ad50bc876a
  languageName: node
  linkType: hard

"@hotwired/turbo-rails@npm:^7.1.1":
  version: 7.1.1
  resolution: "@hotwired/turbo-rails@npm:7.1.1"
  dependencies:
    "@hotwired/turbo": "npm:^7.1.0"
    "@rails/actioncable": "npm:^7.0"
  checksum: 10c0/552e9fa3f182ec383ad5f73cd859b9695489b33a5cad4414ee3ffc4a46b810e5c1723bd10d597a1cbdc7c234571400edd626446cb33735372c839d8ab0f93906
  languageName: node
  linkType: hard

"@hotwired/turbo@npm:^7.1.0":
  version: 7.1.0
  resolution: "@hotwired/turbo@npm:7.1.0"
  checksum: 10c0/302923146831f91543c1369b690dce14e763b3cef07a47b77a62cd379ecb59f5ddbd51e19f9cafd56ca95cc7e35b7026e138711b90536fcc5d37846353595dcd
  languageName: node
  linkType: hard

"@hotwired/turbo@npm:^8.0.21":
  version: 8.0.23
  resolution: "@hotwired/turbo@npm:8.0.23"
  checksum: 10c0/600ba4ba7632e27c3ed9e80a2114715df94302d3d3b72b0a70efcd7c31477b377228a7fad629eeb2e4b2d778bf65571b176fc76a6bc5603dfc814810c0a815d6
  languageName: node
  linkType: hard

"@isaacs/fs-minipass@npm:^4.0.0":
  version: 4.0.1
  resolution: "@isaacs/fs-minipass@npm:4.0.1"
  dependencies:
    minipass: "npm:^7.0.4"
  checksum: 10c0/c25b6dc1598790d5b55c0947a9b7d111cfa92594db5296c3b907e2f533c033666f692a3939eadac17b1c7c40d362d0b0635dc874cbfe3e70db7c2b07cc97a5d2
  languageName: node
  linkType: hard

"@popperjs/core@npm:^2.11.5":
  version: 2.11.5
  resolution: "@popperjs/core@npm:2.11.5"
  checksum: 10c0/1253c23004dbd69a48f6d0c2febbb9fca2173deab2bdb1d34f46f9870f913b121e7d113a852088544bb2ec175ff6db645169ffc84fad6febc1b533fa052804e1
  languageName: node
  linkType: hard

"@rails/actioncable@npm:^7.0":
  version: 7.0.2
  resolution: "@rails/actioncable@npm:7.0.2"
  checksum: 10c0/d3d6d08ac5081099fec30fe86f3eb2c9ebc93f822797b3414fe2b4e49787f3cf31d7508c3bd274285277b588a3e4b6411ad9408cba1f02bd0a2714fb459d0ee4
  languageName: node
  linkType: hard

"abbrev@npm:^4.0.0":
  version: 4.0.0
  resolution: "abbrev@npm:4.0.0"
  checksum: 10c0/b4cc16935235e80702fc90192e349e32f8ef0ed151ef506aa78c81a7c455ec18375c4125414b99f84b2e055199d66383e787675f0bcd87da7a4dbd59f9eac1d5
  languageName: node
  linkType: hard

"anymatch@npm:~3.1.2":
  version: 3.1.2
  resolution: "anymatch@npm:3.1.2"
  dependencies:
    normalize-path: "npm:^3.0.0"
    picomatch: "npm:^2.0.4"
  checksum: 10c0/900645535aee46ed7958f4f5b5e38abcbf474b5230406e913de15fc9a1310f0d5322775deb609688efe31010fa57831e55d36040b19826c22ce61d537e9b9759
  languageName: node
  linkType: hard

"app@workspace:.":
  version: 0.0.0-use.local
  resolution: "app@workspace:."
  dependencies:
    "@hotwired/stimulus": "npm:^3.0.1"
    "@hotwired/turbo": "npm:^8.0.21"
    "@hotwired/turbo-rails": "npm:^7.1.1"
    "@popperjs/core": "npm:^2.11.5"
    bootstrap: "npm:^5.1.3"
    bootstrap-icons: "npm:^1.8.1"
    esbuild: "npm:^0.25.0"
    immutable: "npm:^4.3.8"
    sass: "npm:^1.50.0"
  languageName: unknown
  linkType: soft

"binary-extensions@npm:^2.0.0":
  version: 2.2.0
  resolution: "binary-extensions@npm:2.2.0"
  checksum: 10c0/d73d8b897238a2d3ffa5f59c0241870043aa7471335e89ea5e1ff48edb7c2d0bb471517a3e4c5c3f4c043615caa2717b5f80a5e61e07503d51dc85cb848e665d
  languageName: node
  linkType: hard

"bootstrap-icons@npm:^1.8.1":
  version: 1.8.1
  resolution: "bootstrap-icons@npm:1.8.1"
  checksum: 10c0/46d6eb98b35ccc23df8728b758ac5588f675ebe15e8c98a271d8bda759255e5ee8c3e5144e189e17dd65978f8949f0314f96ed36a26ce61465457e050e8e90a9
  languageName: node
  linkType: hard

"bootstrap@npm:^5.1.3":
  version: 5.1.3
  resolution: "bootstrap@npm:5.1.3"
  peerDependencies:
    "@popperjs/core": ^2.10.2
  checksum: 10c0/78ab4c4df58c36faaddfa9da1dda9f6671576c54bf7ed34691628dbf406b62a44170f89d883e306ea755bd8e87ea833561717f2c3af5a026f177d2189e89c382
  languageName: node
  linkType: hard

"braces@npm:~3.0.2":
  version: 3.0.3
  resolution: "braces@npm:3.0.3"
  dependencies:
    fill-range: "npm:^7.1.1"
  checksum: 10c0/7c6dfd30c338d2997ba77500539227b9d1f85e388a5f43220865201e407e076783d0881f2d297b9f80951b4c957fcf0b51c1d2d24227631643c3f7c284b0aa04
  languageName: node
  linkType: hard

"chokidar@npm:>=3.0.0 <4.0.0":
  version: 3.5.3
  resolution: "chokidar@npm:3.5.3"
  dependencies:
    anymatch: "npm:~3.1.2"
    braces: "npm:~3.0.2"
    fsevents: "npm:~2.3.2"
    glob-parent: "npm:~5.1.2"
    is-binary-path: "npm:~2.1.0"
    is-glob: "npm:~4.0.1"
    normalize-path: "npm:~3.0.0"
    readdirp: "npm:~3.6.0"
  dependenciesMeta:
    fsevents:
      optional: true
  checksum: 10c0/1076953093e0707c882a92c66c0f56ba6187831aa51bb4de878c1fec59ae611a3bf02898f190efec8e77a086b8df61c2b2a3ea324642a0558bdf8ee6c5dc9ca1
  languageName: node
  linkType: hard

"chownr@npm:^3.0.0":
  version: 3.0.0
  resolution: "chownr@npm:3.0.0"
  checksum: 10c0/43925b87700f7e3893296c8e9c56cc58f926411cce3a6e5898136daaf08f08b9a8eb76d37d3267e707d0dcc17aed2e2ebdf5848c0c3ce95cf910a919935c1b10
  languageName: node
  linkType: hard

"env-paths@npm:^2.2.0":
  version: 2.2.1
  resolution: "env-paths@npm:2.2.1"
  checksum: 10c0/285325677bf00e30845e330eec32894f5105529db97496ee3f598478e50f008c5352a41a30e5e72ec9de8a542b5a570b85699cd63bd2bc646dbcb9f311d83bc4
  languageName: node
  linkType: hard

"esbuild@npm:^0.25.0":
  version: 0.25.0
  resolution: "esbuild@npm:0.25.0"
  dependencies:
    "@esbuild/aix-ppc64": "npm:0.25.0"
    "@esbuild/android-arm": "npm:0.25.0"
    "@esbuild/android-arm64": "npm:0.25.0"
    "@esbuild/android-x64": "npm:0.25.0"
    "@esbuild/darwin-arm64": "npm:0.25.0"
    "@esbuild/darwin-x64": "npm:0.25.0"
    "@esbuild/freebsd-arm64": "npm:0.25.0"
    "@esbuild/freebsd-x64": "npm:0.25.0"
    "@esbuild/linux-arm": "npm:0.25.0"
    "@esbuild/linux-arm64": "npm:0.25.0"
    "@esbuild/linux-ia32": "npm:0.25.0"
    "@esbuild/linux-loong64": "npm:0.25.0"
    "@esbuild/linux-mips64el": "npm:0.25.0"
    "@esbuild/linux-ppc64": "npm:0.25.0"
    "@esbuild/linux-riscv64": "npm:0.25.0"
    "@esbuild/linux-s390x": "npm:0.25.0"
    "@esbuild/linux-x64": "npm:0.25.0"
    "@esbuild/netbsd-arm64": "npm:0.25.0"
    "@esbuild/netbsd-x64": "npm:0.25.0"
    "@esbuild/openbsd-arm64": "npm:0.25.0"
    "@esbuild/openbsd-x64": "npm:0.25.0"
    "@esbuild/sunos-x64": "npm:0.25.0"
    "@esbuild/win32-arm64": "npm:0.25.0"
    "@esbuild/win32-ia32": "npm:0.25.0"
    "@esbuild/win32-x64": "npm:0.25.0"
  dependenciesMeta:
    "@esbuild/aix-ppc64":
      optional: true
    "@esbuild/android-arm":
      optional: true
    "@esbuild/android-arm64":
      optional: true
    "@esbuild/android-x64":
      optional: true
    "@esbuild/darwin-arm64":
      optional: true
    "@esbuild/darwin-x64":
      optional: true
    "@esbuild/freebsd-arm64":
      optional: true
    "@esbuild/freebsd-x64":
      optional: true
    "@esbuild/linux-arm":
      optional: true
    "@esbuild/linux-arm64":
      optional: true
    "@esbuild/linux-ia32":
      optional: true
    "@esbuild/linux-loong64":
      optional: true
    "@esbuild/linux-mips64el":
      optional: true
    "@esbuild/linux-ppc64":
      optional: true
    "@esbuild/linux-riscv64":
      optional: true
    "@esbuild/linux-s390x":
      optional: true
    "@esbuild/linux-x64":
      optional: true
    "@esbuild/netbsd-arm64":
      optional: true
    "@esbuild/netbsd-x64":
      optional: true
    "@esbuild/openbsd-arm64":
      optional: true
    "@esbuild/openbsd-x64":
      optional: true
    "@esbuild/sunos-x64":
      optional: true
    "@esbuild/win32-arm64":
      optional: true
    "@esbuild/win32-ia32":
      optional: true
    "@esbuild/win32-x64":
      optional: true
  bin:
    esbuild: bin/esbuild
  checksum: 10c0/5767b72da46da3cfec51661647ec850ddbf8a8d0662771139f10ef0692a8831396a0004b2be7966cecdb08264fb16bdc16290dcecd92396fac5f12d722fa013d
  languageName: node
  linkType: hard

"exponential-backoff@npm:^3.1.1":
  version: 3.1.3
  resolution: "exponential-backoff@npm:3.1.3"
  checksum: 10c0/77e3ae682b7b1f4972f563c6dbcd2b0d54ac679e62d5d32f3e5085feba20483cf28bd505543f520e287a56d4d55a28d7874299941faf637e779a1aa5994d1267
  languageName: node
  linkType: hard

"fdir@npm:^6.5.0":
  version: 6.5.0
  resolution: "fdir@npm:6.5.0"
  peerDependencies:
    picomatch: ^3 || ^4
  peerDependenciesMeta:
    picomatch:
      optional: true
  checksum: 10c0/e345083c4306b3aed6cb8ec551e26c36bab5c511e99ea4576a16750ddc8d3240e63826cc624f5ae17ad4dc82e68a253213b60d556c11bfad064b7607847ed07f
  languageName: node
  linkType: hard

"fill-range@npm:^7.1.1":
  version: 7.1.1
  resolution: "fill-range@npm:7.1.1"
  dependencies:
    to-regex-range: "npm:^5.0.1"
  checksum: 10c0/b75b691bbe065472f38824f694c2f7449d7f5004aa950426a2c28f0306c60db9b880c0b0e4ed819997ffb882d1da02cfcfc819bddc94d71627f5269682edf018
  languageName: node
  linkType: hard

"fsevents@npm:~2.3.2":
  version: 2.3.2
  resolution: "fsevents@npm:2.3.2"
  dependencies:
    node-gyp: "npm:latest"
  checksum: 10c0/be78a3efa3e181cda3cf7a4637cb527bcebb0bd0ea0440105a3bb45b86f9245b307dc10a2507e8f4498a7d4ec349d1910f4d73e4d4495b16103106e07eee735b
  conditions: os=darwin
  languageName: node
  linkType: hard

"fsevents@patch:fsevents@npm%3A~2.3.2#optional!builtin<compat/fsevents>":
  version: 2.3.2
  resolution: "fsevents@patch:fsevents@npm%3A2.3.2#optional!builtin<compat/fsevents>::version=2.3.2&hash=df0bf1"
  dependencies:
    node-gyp: "npm:latest"
  conditions: os=darwin
  languageName: node
  linkType: hard

"glob-parent@npm:~5.1.2":
  version: 5.1.2
  resolution: "glob-parent@npm:5.1.2"
  dependencies:
    is-glob: "npm:^4.0.1"
  checksum: 10c0/cab87638e2112bee3f839ef5f6e0765057163d39c66be8ec1602f3823da4692297ad4e972de876ea17c44d652978638d2fd583c6713d0eb6591706825020c9ee
  languageName: node
  linkType: hard

"graceful-fs@npm:^4.2.6":
  version: 4.2.11
  resolution: "graceful-fs@npm:4.2.11"
  checksum: 10c0/386d011a553e02bc594ac2ca0bd6d9e4c22d7fa8cfbfc448a6d148c59ea881b092db9dbe3547ae4b88e55f1b01f7c4a2ecc53b310c042793e63aa44cf6c257f2
  languageName: node
  linkType: hard

"immutable@npm:^4.0.0":
  version: 4.0.0
  resolution: "immutable@npm:4.0.0"
  checksum: 10c0/964b51a559e026f38835985b892599964e9915a77967b549784878e29b1f95331518b3f64d100faa11054ae5d43a6b1af28e6a7f5bba5463b0ae68a30aa2b1b4
  languageName: node
  linkType: hard

"immutable@npm:^4.3.8":
  version: 4.3.8
  resolution: "immutable@npm:4.3.8"
  checksum: 10c0/3de58996305a0faf6ef3fc0685f996c42653ad757760214f5aec7d4a6b59ea7abb882522c5f9a61776fae88c0b45e08eb77cbded5a4f57745ec7c63f9642e44b
  languageName: node
  linkType: hard

"is-binary-path@npm:~2.1.0":
  version: 2.1.0
  resolution: "is-binary-path@npm:2.1.0"
  dependencies:
    binary-extensions: "npm:^2.0.0"
  checksum: 10c0/a16eaee59ae2b315ba36fad5c5dcaf8e49c3e27318f8ab8fa3cdb8772bf559c8d1ba750a589c2ccb096113bb64497084361a25960899cb6172a6925ab6123d38
  languageName: node
  linkType: hard

"is-extglob@npm:^2.1.1":
  version: 2.1.1
  resolution: "is-extglob@npm:2.1.1"
  checksum: 10c0/5487da35691fbc339700bbb2730430b07777a3c21b9ebaecb3072512dfd7b4ba78ac2381a87e8d78d20ea08affb3f1971b4af629173a6bf435ff8a4c47747912
  languageName: node
  linkType: hard

"is-glob@npm:^4.0.1, is-glob@npm:~4.0.1":
  version: 4.0.3
  resolution: "is-glob@npm:4.0.3"
  dependencies:
    is-extglob: "npm:^2.1.1"
  checksum: 10c0/17fb4014e22be3bbecea9b2e3a76e9e34ff645466be702f1693e8f1ee1adac84710d0be0bd9f967d6354036fd51ab7c2741d954d6e91dae6bb69714de92c197a
  languageName: node
  linkType: hard

"is-number@npm:^7.0.0":
  version: 7.0.0
  resolution: "is-number@npm:7.0.0"
  checksum: 10c0/b4686d0d3053146095ccd45346461bc8e53b80aeb7671cc52a4de02dbbf7dc0d1d2a986e2fe4ae206984b4d34ef37e8b795ebc4f4295c978373e6575e295d811
  languageName: node
  linkType: hard

"isexe@npm:^4.0.0":
  version: 4.0.0
  resolution: "isexe@npm:4.0.0"
  checksum: 10c0/5884815115bceac452877659a9c7726382531592f43dc29e5d48b7c4100661aed54018cb90bd36cb2eaeba521092570769167acbb95c18d39afdccbcca06c5ce
  languageName: node
  linkType: hard

"minipass@npm:^7.0.4, minipass@npm:^7.1.2":
  version: 7.1.3
  resolution: "minipass@npm:7.1.3"
  checksum: 10c0/539da88daca16533211ea5a9ee98dc62ff5742f531f54640dd34429e621955e91cc280a91a776026264b7f9f6735947629f920944e9c1558369e8bf22eb33fbb
  languageName: node
  linkType: hard

"minizlib@npm:^3.1.0":
  version: 3.1.0
  resolution: "minizlib@npm:3.1.0"
  dependencies:
    minipass: "npm:^7.1.2"
  checksum: 10c0/5aad75ab0090b8266069c9aabe582c021ae53eb33c6c691054a13a45db3b4f91a7fb1bd79151e6b4e9e9a86727b522527c0a06ec7d45206b745d54cd3097bcec
  languageName: node
  linkType: hard

"node-gyp@npm:latest":
  version: 12.3.0
  resolution: "node-gyp@npm:12.3.0"
  dependencies:
    env-paths: "npm:^2.2.0"
    exponential-backoff: "npm:^3.1.1"
    graceful-fs: "npm:^4.2.6"
    nopt: "npm:^9.0.0"
    proc-log: "npm:^6.0.0"
    semver: "npm:^7.3.5"
    tar: "npm:^7.5.4"
    tinyglobby: "npm:^0.2.12"
    undici: "npm:^6.25.0"
    which: "npm:^6.0.0"
  bin:
    node-gyp: bin/node-gyp.js
  checksum: 10c0/9d9032b405cbe42f72a105259d9eb679376470c102df4a2dbaa51e07d59bf741dcffb85897087ea9d8318b9cabb824a8978af51508ae142f0239ae1e6a3c2329
  languageName: node
  linkType: hard

"nopt@npm:^9.0.0":
  version: 9.0.0
  resolution: "nopt@npm:9.0.0"
  dependencies:
    abbrev: "npm:^4.0.0"
  bin:
    nopt: bin/nopt.js
  checksum: 10c0/1822eb6f9b020ef6f7a7516d7b64a8036e09666ea55ac40416c36e4b2b343122c3cff0e2f085675f53de1d2db99a2a89a60ccea1d120bcd6a5347bf6ceb4a7fd
  languageName: node
  linkType: hard

"normalize-path@npm:^3.0.0, normalize-path@npm:~3.0.0":
  version: 3.0.0
  resolution: "normalize-path@npm:3.0.0"
  checksum: 10c0/e008c8142bcc335b5e38cf0d63cfd39d6cf2d97480af9abdbe9a439221fd4d749763bab492a8ee708ce7a194bb00c9da6d0a115018672310850489137b3da046
  languageName: node
  linkType: hard

"picomatch@npm:^2.0.4, picomatch@npm:^2.2.1":
  version: 2.3.2
  resolution: "picomatch@npm:2.3.2"
  checksum: 10c0/a554d1709e59be97d1acb9eaedbbc700a5c03dbd4579807baed95100b00420bc729335440ef15004ae2378984e2487a7c1cebd743cfdb72b6fa9ab69223c0d61
  languageName: node
  linkType: hard

"picomatch@npm:^4.0.4":
  version: 4.0.4
  resolution: "picomatch@npm:4.0.4"
  checksum: 10c0/e2c6023372cc7b5764719a5ffb9da0f8e781212fa7ca4bd0562db929df8e117460f00dff3cb7509dacfc06b86de924b247f504d0ce1806a37fac4633081466b0
  languageName: node
  linkType: hard

"proc-log@npm:^6.0.0":
  version: 6.1.0
  resolution: "proc-log@npm:6.1.0"
  checksum: 10c0/4f178d4062733ead9d71a9b1ab24ebcecdfe2250916a5b1555f04fe2eda972a0ec76fbaa8df1ad9c02707add6749219d118a4fc46dc56bdfe4dde4b47d80bb82
  languageName: node
  linkType: hard

"readdirp@npm:~3.6.0":
  version: 3.6.0
  resolution: "readdirp@npm:3.6.0"
  dependencies:
    picomatch: "npm:^2.2.1"
  checksum: 10c0/6fa848cf63d1b82ab4e985f4cf72bd55b7dcfd8e0a376905804e48c3634b7e749170940ba77b32804d5fe93b3cc521aa95a8d7e7d725f830da6d93f3669ce66b
  languageName: node
  linkType: hard

"sass@npm:^1.50.0":
  version: 1.50.0
  resolution: "sass@npm:1.50.0"
  dependencies:
    chokidar: "npm:>=3.0.0 <4.0.0"
    immutable: "npm:^4.0.0"
    source-map-js: "npm:>=0.6.2 <2.0.0"
  bin:
    sass: sass.js
  checksum: 10c0/db30fd0295ea95fdd9e37c1ef7bbc110e895de76d2668c79ee5a5693525a9e8d3d93dd650b4b62253a63b05ba8cf73eb80c54e9e5460349b3c8d8c3475489fb0
  languageName: node
  linkType: hard

"semver@npm:^7.3.5":
  version: 7.8.0
  resolution: "semver@npm:7.8.0"
  bin:
    semver: bin/semver.js
  checksum: 10c0/8f096ca9b80ffd47b308d03f9ce8c873e27e2983f36023c559cdc92c51e8433fc23ebbfe57ec9623fc155636a6961ee989501099841ae4bb1babc8d2b3f048cd
  languageName: node
  linkType: hard

"source-map-js@npm:>=0.6.2 <2.0.0":
  version: 1.0.2
  resolution: "source-map-js@npm:1.0.2"
  checksum: 10c0/32f2dfd1e9b7168f9a9715eb1b4e21905850f3b50cf02cf476e47e4eebe8e6b762b63a64357896aa29b37e24922b4282df0f492e0d2ace572b43d15525976ff8
  languageName: node
  linkType: hard

"tar@npm:^7.5.4":
  version: 7.5.15
  resolution: "tar@npm:7.5.15"
  dependencies:
    "@isaacs/fs-minipass": "npm:^4.0.0"
    chownr: "npm:^3.0.0"
    minipass: "npm:^7.1.2"
    minizlib: "npm:^3.1.0"
    yallist: "npm:^5.0.0"
  checksum: 10c0/8f039edb1d12fdd7df6c6f9877d125afe9f3da3f5f9317df326fdd090d48793d6998cede1506a1471f3e3a250db270a89dace28005eb5e99c5a9132d704ac956
  languageName: node
  linkType: hard

"tinyglobby@npm:^0.2.12":
  version: 0.2.16
  resolution: "tinyglobby@npm:0.2.16"
  dependencies:
    fdir: "npm:^6.5.0"
    picomatch: "npm:^4.0.4"
  checksum: 10c0/f2e09fd93dd95c41e522113b686ff6f7c13020962f8698a864a257f3d7737599afc47722b7ab726e12f8a813f779906187911ff8ee6701ede65072671a7e934b
  languageName: node
  linkType: hard

"to-regex-range@npm:^5.0.1":
  version: 5.0.1
  resolution: "to-regex-range@npm:5.0.1"
  dependencies:
    is-number: "npm:^7.0.0"
  checksum: 10c0/487988b0a19c654ff3e1961b87f471702e708fa8a8dd02a298ef16da7206692e8552a0250e8b3e8759270f62e9d8314616f6da274734d3b558b1fc7b7724e892
  languageName: node
  linkType: hard

"undici@npm:^6.25.0":
  version: 6.25.0
  resolution: "undici@npm:6.25.0"
  checksum: 10c0/2597cc6689bdb02c210c557b1f85febbfda65becae6e6fc1061508e2f33734d25207f81cd8af56ada9956329eb3a7bd7431e87dcfeceba20ee87059b57dcf985
  languageName: node
  linkType: hard

"which@npm:^6.0.0":
  version: 6.0.1
  resolution: "which@npm:6.0.1"
  dependencies:
    isexe: "npm:^4.0.0"
  bin:
    node-which: bin/which.js
  checksum: 10c0/7e710e54ea36d2d6183bee2f9caa27a3b47b9baf8dee55a199b736fcf85eab3b9df7556fca3d02b50af7f3dfba5ea3a45644189836df06267df457e354da66d5
  languageName: node
  linkType: hard

"yallist@npm:^5.0.0":
  version: 5.0.0
  resolution: "yallist@npm:5.0.0"
  checksum: 10c0/a499c81ce6d4a1d260d4ea0f6d49ab4da09681e32c3f0472dee16667ed69d01dae63a3b81745a24bd78476ec4fcf856114cb4896ace738e01da34b2c42235416
  languageName: node
  linkType: hard
